
Microsoft Visual Studio Solution File, Format Version 12.00
# Visual Studio 15
Project("{FAE04EC0-301F-11D3-BF4B-00C04F79EFBC}") = "PumaKatariConsola", "PumaKatariConsola\PumaKatariConsola.csproj", "{305E8AEA-9B54-4CD7-B01E-334BF153AB1B}"
EndProject
Global
	GlobalSection(SolutionConfigurationPlatforms) = preSolution
		Debug|x86 = Debug|x86
		Release|x86 = Release|x86
	EndGlobalSection
	GlobalSection(ProjectConfigurationPlatforms) = postSolution
		{305E8AEA-9B54-4CD7-B01E-334BF153AB1B}.Debug|x86.ActiveCfg = Debug|x86
		{305E8AEA-9B54-4CD7-B01E-334BF153AB1B}.Debug|x86.Build.0 = Debug|x86
		{305E8AEA-9B54-4CD7-B01E-334BF153AB1B}.Release|x86.ActiveCfg = Release|x86
		{305E8AEA-9B54-4CD7-B01E-334BF153AB1B}.Release|x86.Build.0 = Release|x86
	EndGlobalSection
EndGlobal
